
Microsoft Visual Studio Solution File, Format Version 12.00
# Visual Studio Version 16
VisualStudioVersion = 16.0.29920.165
MinimumVisualStudioVersion = 10.0.40219.1
Project("{9A19103F-16F7-4668-BE54-9A1E7A4F7556}") = "WarsztatTimeTimePeriod", "WarsztatTimeTimePeriod.csproj", "{0B475428-93DC-4AF5-AA9D-72AE13DF7C7F}"
EndProject
Project("{FAE04EC0-301F-11D3-BF4B-00C04F79EFBC}") = "WarsztatTimeTimePeriod.UnitTests", "..\WarsztatTimeTimePeriod.UnitTests\WarsztatTimeTimePeriod.UnitTests.csproj", "{68D49028-1301-4F21-86CA-F267F3F446A5}"
EndProject
Global
	GlobalSection(SolutionConfigurationPlatforms) = preSolution
		Debug|Any CPU = Debug|Any CPU
		Release|Any CPU = Release|Any CPU
	EndGlobalSection
	GlobalSection(ProjectConfigurationPlatforms) = postSolution
		{0B475428-93DC-4AF5-AA9D-72AE13DF7C7F}.Debug|Any CPU.ActiveCfg = Debug|Any CPU
		{0B475428-93DC-4AF5-AA9D-72AE13DF7C7F}.Debug|Any CPU.Build.0 = Debug|Any CPU
		{0B475428-93DC-4AF5-AA9D-72AE13DF7C7F}.Release|Any CPU.ActiveCfg = Release|Any CPU
		{0B475428-93DC-4AF5-AA9D-72AE13DF7C7F}.Release|Any CPU.Build.0 = Release|Any CPU
		{68D49028-1301-4F21-86CA-F267F3F446A5}.Debug|Any CPU.ActiveCfg = Debug|Any CPU
		{68D49028-1301-4F21-86CA-F267F3F446A5}.Debug|Any CPU.Build.0 = Debug|Any CPU
		{68D49028-1301-4F21-86CA-F267F3F446A5}.Release|Any CPU.ActiveCfg = Release|Any CPU
		{68D49028-1301-4F21-86CA-F267F3F446A5}.Release|Any CPU.Build.0 = Release|Any CPU
	EndGlobalSection
	GlobalSection(SolutionProperties) = preSolution
		HideSolutionNode = FALSE
	EndGlobalSection
	GlobalSection(ExtensibilityGlobals) = postSolution
		SolutionGuid = {97323A78-DB6D-4750-8B70-64C60B562798}
	EndGlobalSection
EndGlobal
